Microsoft Visual Studio Solution File, Format Version 12.00
# Visual Studio Version 17
VisualStudioVersion = 17.5.2.0
MinimumVisualStudioVersion = 10.0.40219.1
Project("{FAE04EC0-301F-11D3-BF4B-00C04F79EFBC}") = "Grpc", "Grpc.csproj", "{D6D26D8E-D72C-3D60-C6FC-BAEE1D97D169}"
EndProject
Global
	GlobalSection(SolutionConfigurationPlatforms) = preSolution
		Debug|Any CPU = Debug|Any CPU
		Release|Any CPU = Release|Any CPU
	EndGlobalSection
	GlobalSection(ProjectConfigurationPlatforms) = postSolution
		{D6D26D8E-D72C-3D60-C6FC-BAEE1D97D169}.Debug|Any CPU.ActiveCfg = Debug|Any CPU
		{D6D26D8E-D72C-3D60-C6FC-BAEE1D97D169}.Debug|Any CPU.Build.0 = Debug|Any CPU
		{D6D26D8E-D72C-3D60-C6FC-BAEE1D97D169}.Release|Any CPU.ActiveCfg = Release|Any CPU
		{D6D26D8E-D72C-3D60-C6FC-BAEE1D97D169}.Release|Any CPU.Build.0 = Release|Any CPU
	EndGlobalSection
	GlobalSection(SolutionProperties) = preSolution
		HideSolutionNode = FALSE
	EndGlobalSection
	GlobalSection(ExtensibilityGlobals) = postSolution
		SolutionGuid = {325B23AC-24BF-4EE9-A144-E65720A70B82}
	EndGlobalSection
EndGlobal
